
Microsoft Visual Studio Solution File, Format Version 12.00
# Visual Studio Version 17
VisualStudioVersion = 17.6.33829.357
MinimumVisualStudioVersion = 10.0.40219.1
Project("{FAE04EC0-301F-11D3-BF4B-00C04F79EFBC}") = "Projektuppgift", "Projektuppgift\Projektuppgift.csproj", "{46983F70-3D6A-450A-AF30-DA639EC6F2DB}"
EndProject
Global
	GlobalSection(SolutionConfigurationPlatforms) = preSolution
		Debug|Any CPU = Debug|Any CPU
		Release|Any CPU = Release|Any CPU
	EndGlobalSection
	GlobalSection(ProjectConfigurationPlatforms) = postSolution
		{46983F70-3D6A-450A-AF30-DA639EC6F2DB}.Debug|Any CPU.ActiveCfg = Debug|Any CPU
		{46983F70-3D6A-450A-AF30-DA639EC6F2DB}.Debug|Any CPU.Build.0 = Debug|Any CPU
		{46983F70-3D6A-450A-AF30-DA639EC6F2DB}.Release|Any CPU.ActiveCfg = Release|Any CPU
		{46983F70-3D6A-450A-AF30-DA639EC6F2DB}.Release|Any CPU.Build.0 = Release|Any CPU
	EndGlobalSection
	GlobalSection(SolutionProperties) = preSolution
		HideSolutionNode = FALSE
	EndGlobalSection
	GlobalSection(ExtensibilityGlobals) = postSolution
		SolutionGuid = {F718FD93-414C-4685-AB9F-7D7909CD0D94}
	EndGlobalSection
EndGlobal
